// !$*UTF8*$!
{
	archiveVersion = 1;
	classes = {
	};
	objectVersion = 56;
	objects = {

/* Begin PBXBuildFile section */
		4373B3582A3061F200600475 /* WetonKuloApp.swift in Sources */ = {isa = PBXBuildFile; fileRef = 4373B3572A3061F200600475 /* WetonKuloApp.swift */; };
		4373B35A2A3061F200600475 /* ContentView.swift in Sources */ = {isa = PBXBuildFile; fileRef = 4373B3592A3061F200600475 /* ContentView.swift */; };
		4373B35C2A3061F300600475 /* Assets.xcassets in Resources */ = {isa = PBXBuildFile; fileRef = 4373B35B2A3061F300600475 /* Assets.xcassets */; };
		4373B35F2A3061F300600475 /* Preview Assets.xcassets in Resources */ = {isa = PBXBuildFile; fileRef = 4373B35E2A3061F300600475 /* Preview Assets.xcassets */; };
		4373B3692A3061F300600475 /* WetonKuloTests.swift in Sources */ = {isa = PBXBuildFile; fileRef = 4373B3682A3061F300600475 /* WetonKuloTests.swift */; };
		4373B3732A3061F300600475 /* WetonKuloUITests.swift in Sources */ = {isa = PBXBuildFile; fileRef = 4373B3722A3061F300600475 /* WetonKuloUITests.swift */; };
		4373B3752A3061F300600475 /* WetonKuloUITestsLaunchTests.swift in Sources */ = {isa = PBXBuildFile; fileRef = 4373B3742A3061F300600475 /* WetonKuloUITestsLaunchTests.swift */; };
		4373B3852A3062D400600475 /* Helpers.swift in Sources */ = {isa = PBXBuildFile; fileRef = 4373B3842A3062D400600475 /* Helpers.swift */; };
		4373B3872A3063EF00600475 /* Weton.swift in Sources */ = {isa = PBXBuildFile; fileRef = 4373B3862A3063EF00600475 /* Weton.swift */; };
		4373B3892A30641600600475 /* JavaneseDate.swift in Sources */ = {isa = PBXBuildFile; fileRef = 4373B3882A30641600600475 /* JavaneseDate.swift */; };
		4373B38C2A30BC2900600475 /* OnBoardingView.swift in Sources */ = {isa = PBXBuildFile; fileRef = 4373B38B2A30BC2900600475 /* OnBoardingView.swift */; };
		4373B38E2A30BC3700600475 /* ProfileView.swift in Sources */ = {isa = PBXBuildFile; fileRef = 4373B38D2A30BC3700600475 /* ProfileView.swift */; };
		4373B3902A30BC6300600475 /* ProfileType.swift in Sources */ = {isa = PBXBuildFile; fileRef = 4373B38F2A30BC6300600475 /* ProfileType.swift */; };
		4373B3922A30BD1600600475 /* CalendarView.swift in Sources */ = {isa = PBXBuildFile; fileRef = 4373B3912A30BD1600600475 /* CalendarView.swift */; };
/* End PBXBuildFile section */

/* Begin PBXContainerItemProxy section */
		4373B3652A3061F300600475 /* PBXContainerItemProxy */ = {
			isa = PBXContainerItemProxy;
			containerPortal = 4373B34C2A3061F200600475 /* Project object */;
			proxyType = 1;
			remoteGlobalIDString = 4373B3532A3061F200600475;
			remoteInfo = WetonKulo;
		};
		4373B36F2A3061F300600475 /* PBXContainerItemProxy */ = {
			isa = PBXContainerItemProxy;
			containerPortal = 4373B34C2A3061F200600475 /* Project object */;
			proxyType = 1;
			remoteGlobalIDString = 4373B3532A3061F200600475;
			remoteInfo = WetonKulo;
		};
/* End PBXContainerItemProxy section */

/* Begin PBXFileReference section */
		4373B3542A3061F200600475 /* WetonKulo.app */ = {isa = PBXFileReference; explicitFileType = wrapper.application; includeInIndex = 0; path = WetonKulo.app; sourceTree = BUILT_PRODUCTS_DIR; };
		4373B3572A3061F200600475 /* WetonKuloApp.swift */ = {isa = PBXFileReference; lastKnownFileType = sourcecode.swift; path = WetonKuloApp.swift; sourceTree = "<group>"; };
		4373B3592A3061F200600475 /* ContentView.swift */ = {isa = PBXFileReference; lastKnownFileType = sourcecode.swift; path = ContentView.swift; sourceTree = "<group>"; };
		4373B35B2A3061F300600475 /* Assets.xcassets */ = {isa = PBXFileReference; lastKnownFileType = folder.assetcatalog; path = Assets.xcassets; sourceTree = "<group>"; };
		4373B35E2A3061F300600475 /* Preview Assets.xcassets */ = {isa = PBXFileReference; lastKnownFileType = folder.assetcatalog; path = "Preview Assets.xcassets"; sourceTree = "<group>"; };
		4373B3642A3061F300600475 /* WetonKuloTests.xctest */ = {isa = PBXFileReference; explicitFileType = wrapper.cfbundle; includeInIndex = 0; path = WetonKuloTests.xctest; sourceTree = BUILT_PRODUCTS_DIR; };
		4373B3682A3061F300600475 /* WetonKuloTests.swift */ = {isa = PBXFileReference; lastKnownFileType = sourcecode.swift; path = WetonKuloTests.swift; sourceTree = "<group>"; };
		4373B36E2A3061F300600475 /* WetonKuloUITests.xctest */ = {isa = PBXFileReference; explicitFileType = wrapper.cfbundle; includeInIndex = 0; path = WetonKuloUITests.xctest; sourceTree = BUILT_PRODUCTS_DIR; };
		4373B3722A3061F300600475 /* WetonKuloUITests.swift */ = {isa = PBXFileReference; lastKnownFileType = sourcecode.swift; path = WetonKuloUITests.swift; sourceTree = "<group>"; };
		4373B3742A3061F300600475 /* WetonKuloUITestsLaunchTests.swift */ = {isa = PBXFileReference; lastKnownFileType = sourcecode.swift; path = WetonKuloUITestsLaunchTests.swift; sourceTree = "<group>"; };
		4373B3842A3062D400600475 /* Helpers.swift */ = {isa = PBXFileReference; lastKnownFileType = sourcecode.swift; path = Helpers.swift; sourceTree = "<group>"; };
		4373B3862A3063EF00600475 /* Weton.swift */ = {isa = PBXFileReference; lastKnownFileType = sourcecode.swift; path = Weton.swift; sourceTree = "<group>"; };
		4373B3882A30641600600475 /* JavaneseDate.swift */ = {isa = PBXFileReference; lastKnownFileType = sourcecode.swift; path = JavaneseDate.swift; sourceTree = "<group>"; };
		4373B38B2A30BC2900600475 /* OnBoardingView.swift */ = {isa = PBXFileReference; lastKnownFileType = sourcecode.swift; path = OnBoardingView.swift; sourceTree = "<group>"; };
		4373B38D2A30BC3700600475 /* ProfileView.swift */ = {isa = PBXFileReference; lastKnownFileType = sourcecode.swift; path = ProfileView.swift; sourceTree = "<group>"; };
		4373B38F2A30BC6300600475 /* ProfileType.swift */ = {isa = PBXFileReference; lastKnownFileType = sourcecode.swift; path = ProfileType.swift; sourceTree = "<group>"; };
		4373B3912A30BD1600600475 /* CalendarView.swift */ = {isa = PBXFileReference; lastKnownFileType = sourcecode.swift; path = CalendarView.swift; sourceTree = "<group>"; };
/* End PBXFileReference section */

/* Begin PBXFrameworksBuildPhase section */
		4373B3512A3061F200600475 /* Frameworks */ = {
			isa = PBXFrameworksBuildPhase;
			buildActionMask = 2147483647;
			files = (
			);
			runOnlyForDeploymentPostprocessing = 0;
		};
		4373B3612A3061F300600475 /* Frameworks */ = {
			isa = PBXFrameworksBuildPhase;
			buildActionMask = 2147483647;
			files = (
			);
			runOnlyForDeploymentPostprocessing = 0;
		};
		4373B36B2A3061F300600475 /* Frameworks */ = {
			isa = PBXFrameworksBuildPhase;
			buildActionMask = 2147483647;
			files = (
			);
			runOnlyForDeploymentPostprocessing = 0;
		};
/* End PBXFrameworksBuildPhase section */

/* Begin PBXGroup section */
		4373B34B2A3061F200600475 = {
			isa = PBXGroup;
			children = (
				4373B3562A3061F200600475 /* WetonKulo */,
				4373B3672A3061F300600475 /* WetonKuloTests */,
				4373B3712A3061F300600475 /* WetonKuloUITests */,
				4373B3552A3061F200600475 /* Products */,
			);
			sourceTree = "<group>";
		};
		4373B3552A3061F200600475 /* Products */ = {
			isa = PBXGroup;
			children = (
				4373B3542A3061F200600475 /* WetonKulo.app */,
				4373B3642A3061F300600475 /* WetonKuloTests.xctest */,
				4373B36E2A3061F300600475 /* WetonKuloUITests.xctest */,
			);
			name = Products;
			sourceTree = "<group>";
		};
		4373B3562A3061F200600475 /* WetonKulo */ = {
			isa = PBXGroup;
			children = (
				4373B38A2A30BBEE00600475 /* CompatibilityCalculation */,
				4373B3832A3062AF00600475 /* Object */,
				4373B3822A30628D00600475 /* Helper */,
				4373B3812A30621400600475 /* Component */,
				4373B3572A3061F200600475 /* WetonKuloApp.swift */,
				4373B3592A3061F200600475 /* ContentView.swift */,
				4373B35B2A3061F300600475 /* Assets.xcassets */,
				4373B35D2A3061F300600475 /* Preview Content */,
			);
			path = WetonKulo;
			sourceTree = "<group>";
		};
		4373B35D2A3061F300600475 /* Preview Content */ = {
			isa = PBXGroup;
			children = (
				4373B35E2A3061F300600475 /* Preview Assets.xcassets */,
			);
			path = "Preview Content";
			sourceTree = "<group>";
		};
		4373B3672A3061F300600475 /* WetonKuloTests */ = {
			isa = PBXGroup;
			children = (
				4373B3682A3061F300600475 /* WetonKuloTests.swift */,
			);
			path = WetonKuloTests;
			sourceTree = "<group>";
		};
		4373B3712A3061F300600475 /* WetonKuloUITests */ = {
			isa = PBXGroup;
			children = (
				4373B3722A3061F300600475 /* WetonKuloUITests.swift */,
				4373B3742A3061F300600475 /* WetonKuloUITestsLaunchTests.swift */,
			);
			path = WetonKuloUITests;
			sourceTree = "<group>";
		};
		4373B3812A30621400600475 /* Component */ = {
			isa = PBXGroup;
			children = (
				4373B3912A30BD1600600475 /* CalendarView.swift */,
			);
			path = Component;
			sourceTree = "<group>";
		};
		4373B3822A30628D00600475 /* Helper */ = {
			isa = PBXGroup;
			children = (
				4373B3842A3062D400600475 /* Helpers.swift */,
			);
			path = Helper;
			sourceTree = "<group>";
		};
		4373B3832A3062AF00600475 /* Object */ = {
			isa = PBXGroup;
			children = (
				4373B3862A3063EF00600475 /* Weton.swift */,
				4373B3882A30641600600475 /* JavaneseDate.swift */,
				4373B38F2A30BC6300600475 /* ProfileType.swift */,
			);
			path = Object;
			sourceTree = "<group>";
		};
		4373B38A2A30BBEE00600475 /* CompatibilityCalculation */ = {
			isa = PBXGroup;
			children = (
				4373B38B2A30BC2900600475 /* OnBoardingView.swift */,
				4373B38D2A30BC3700600475 /* ProfileView.swift */,
			);
			path = CompatibilityCalculation;
			sourceTree = "<group>";
		};
/* End PBXGroup section */

/* Begin PBXNativeTarget section */
		4373B3532A3061F200600475 /* WetonKulo */ = {
			isa = PBXNativeTarget;
			buildConfigurationList = 4373B3782A3061F300600475 /* Build configuration list for PBXNativeTarget "WetonKulo" */;
			buildPhases = (
				4373B3502A3061F200600475 /* Sources */,
				4373B3512A3061F200600475 /* Frameworks */,
				4373B3522A3061F200600475 /* Resources */,
			);
			buildRules = (
			);
			dependencies = (
			);
			name = WetonKulo;
			productName = WetonKulo;
			productReference = 4373B3542A3061F200600475 /* WetonKulo.app */;
			productType = "com.apple.product-type.application";
		};
		4373B3632A3061F300600475 /* WetonKuloTests */ = {
			isa = PBXNativeTarget;
			buildConfigurationList = 4373B37B2A3061F300600475 /* Build configuration list for PBXNativeTarget "WetonKuloTests" */;
			buildPhases = (
				4373B3602A3061F300600475 /* Sources */,
				4373B3612A3061F300600475 /* Frameworks */,
				4373B3622A3061F300600475 /* Resources */,
			);
			buildRules = (
			);
			dependencies = (
				4373B3662A3061F300600475 /* PBXTargetDependency */,
			);
			name = WetonKuloTests;
			productName = WetonKuloTests;
			productReference = 4373B3642A3061F300600475 /* WetonKuloTests.xctest */;
			productType = "com.apple.product-type.bundle.unit-test";
		};
		4373B36D2A3061F300600475 /* WetonKuloUITests */ = {
			isa = PBXNativeTarget;
			buildConfigurationList = 4373B37E2A3061F300600475 /* Build configuration list for PBXNativeTarget "WetonKuloUITests" */;
			buildPhases = (
				4373B36A2A3061F300600475 /* Sources */,
				4373B36B2A3061F300600475 /* Frameworks */,
				4373B36C2A3061F300600475 /* Resources */,
			);
			buildRules = (
			);
			dependencies = (
				4373B3702A3061F300600475 /* PBXTargetDependency */,
			);
			name = WetonKuloUITests;
			productName = WetonKuloUITests;
			productReference = 4373B36E2A3061F300600475 /* WetonKuloUITests.xctest */;
			productType = "com.apple.product-type.bundle.ui-testing";
		};
/* End PBXNativeTarget section */

/* Begin PBXProject section */
		4373B34C2A3061F200600475 /* Project object */ = {
			isa = PBXProject;
			attributes = {
				BuildIndependentTargetsInParallel = 1;
				LastSwiftUpdateCheck = 1430;
				LastUpgradeCheck = 1430;
				TargetAttributes = {
					4373B3532A3061F200600475 = {
						CreatedOnToolsVersion = 14.3;
					};
					4373B3632A3061F300600475 = {
						CreatedOnToolsVersion = 14.3;
						TestTargetID = 4373B3532A3061F200600475;
					};
					4373B36D2A3061F300600475 = {
						CreatedOnToolsVersion = 14.3;
						TestTargetID = 4373B3532A3061F200600475;
					};
				};
			};
			buildConfigurationList = 4373B34F2A3061F200600475 /* Build configuration list for PBXProject "WetonKulo" */;
			compatibilityVersion = "Xcode 14.0";
			developmentRegion = en;
			hasScannedForEncodings = 0;
			knownRegions = (
				en,
				Base,
			);
			mainGroup = 4373B34B2A3061F200600475;
			productRefGroup = 4373B3552A3061F200600475 /* Products */;
			projectDirPath = "";
			projectRoot = "";
			targets = (
				4373B3532A3061F200600475 /* WetonKulo */,
				4373B3632A3061F300600475 /* WetonKuloTests */,
				4373B36D2A3061F300600475 /* WetonKuloUITests */,
			);
		};
/* End PBXProject section */

/* Begin PBXResourcesBuildPhase section */
		4373B3522A3061F200600475 /* Resources */ = {
			isa = PBXResourcesBuildPhase;
			buildActionMask = 2147483647;
			files = (
				4373B35F2A3061F300600475 /* Preview Assets.xcassets in Resources */,
				4373B35C2A3061F300600475 /* Assets.xcassets in Resources */,
			);
			runOnlyForDeploymentPostprocessing = 0;
		};
		4373B3622A3061F300600475 /* Resources */ = {
			isa = PBXResourcesBuildPhase;
			buildActionMask = 2147483647;
			files = (
			);
			runOnlyForDeploymentPostprocessing = 0;
		};
		4373B36C2A3061F300600475 /* Resources */ = {
			isa = PBXResourcesBuildPhase;
			buildActionMask = 2147483647;
			files = (
			);
			runOnlyForDeploymentPostprocessing = 0;
		};
/* End PBXResourcesBuildPhase section */

/* Begin PBXSourcesBuildPhase section */
		4373B3502A3061F200600475 /* Sources */ = {
			isa = PBXSourcesBuildPhase;
			buildActionMask = 2147483647;
			files = (
				4373B35A2A3061F200600475 /* ContentView.swift in Sources */,
				4373B3852A3062D400600475 /* Helpers.swift in Sources */,
				4373B3582A3061F200600475 /* WetonKuloApp.swift in Sources */,
				4373B38C2A30BC2900600475 /* OnBoardingView.swift in Sources */,
				4373B3892A30641600600475 /* JavaneseDate.swift in Sources */,
				4373B3922A30BD1600600475 /* CalendarView.swift in Sources */,
				4373B38E2A30BC3700600475 /* ProfileView.swift in Sources */,
				4373B3872A3063EF00600475 /* Weton.swift in Sources */,
				4373B3902A30BC6300600475 /* ProfileType.swift in Sources */,
			);
			runOnlyForDeploymentPostprocessing = 0;
		};
		4373B3602A3061F300600475 /* Sources */ = {
			isa = PBXSourcesBuildPhase;
			buildActionMask = 2147483647;
			files = (
				4373B3692A3061F300600475 /* WetonKuloTests.swift in Sources */,
			);
			runOnlyForDeploymentPostprocessing = 0;
		};
		4373B36A2A3061F300600475 /* Sources */ = {
			isa = PBXSourcesBuildPhase;
			buildActionMask = 2147483647;
			files = (
				4373B3732A3061F300600475 /* WetonKuloUITests.swift in Sources */,
				4373B3752A3061F300600475 /* WetonKuloUITestsLaunchTests.swift in Sources */,
			);
			runOnlyForDeploymentPostprocessing = 0;
		};
/* End PBXSourcesBuildPhase section */

/* Begin PBXTargetDependency section */
		4373B3662A3061F300600475 /* PBXTargetDependency */ = {
			isa = PBXTargetDependency;
			target = 4373B3532A3061F200600475 /* WetonKulo */;
			targetProxy = 4373B3652A3061F300600475 /* PBXContainerItemProxy */;
		};
		4373B3702A3061F300600475 /* PBXTargetDependency */ = {
			isa = PBXTargetDependency;
			target = 4373B3532A3061F200600475 /* WetonKulo */;
			targetProxy = 4373B36F2A3061F300600475 /* PBXContainerItemProxy */;
		};
/* End PBXTargetDependency section */

/* Begin XCBuildConfiguration section */
		4373B3762A3061F300600475 /* Debug */ = {
			isa = XCBuildConfiguration;
			buildSettings = {
				ALWAYS_SEARCH_USER_PATHS = NO;
				CLANG_ANALYZER_NONNULL = YES;
				CLANG_ANALYZER_NUMBER_OBJECT_CONVERSION = YES_AGGRESSIVE;
				CLANG_CXX_LANGUAGE_STANDARD = "gnu++20";
				CLANG_ENABLE_MODULES = YES;
				CLANG_ENABLE_OBJC_ARC = YES;
				CLANG_ENABLE_OBJC_WEAK = YES;
				CLANG_WARN_BLOCK_CAPTURE_AUTORELEASING = YES;
				CLANG_WARN_BOOL_CONVERSION = YES;
				CLANG_WARN_COMMA = YES;
				CLANG_WARN_CONSTANT_CONVERSION = YES;
				CLANG_WARN_DEPRECATED_OBJC_IMPLEMENTATIONS = YES;
				CLANG_WARN_DIRECT_OBJC_ISA_USAGE = YES_ERROR;
				CLANG_WARN_DOCUMENTATION_COMMENTS = YES;
				CLANG_WARN_EMPTY_BODY = YES;
				CLANG_WARN_ENUM_CONVERSION = YES;
				CLANG_WARN_INFINITE_RECURSION = YES;
				CLANG_WARN_INT_CONVERSION = YES;
				CLANG_WARN_NON_LITERAL_NULL_CONVERSION = YES;
				CLANG_WARN_OBJC_IMPLICIT_RETAIN_SELF = YES;
				CLANG_WARN_OBJC_LITERAL_CONVERSION = YES;
				CLANG_WARN_OBJC_ROOT_CLASS = YES_ERROR;
				CLANG_WARN_QUOTED_INCLUDE_IN_FRAMEWORK_HEADER = YES;
				CLANG_WARN_RANGE_LOOP_ANALYSIS = YES;
				CLANG_WARN_STRICT_PROTOTYPES = YES;
				CLANG_WARN_SUSPICIOUS_MOVE = YES;
				CLANG_WARN_UNGUARDED_AVAILABILITY = YES_AGGRESSIVE;
				CLANG_WARN_UNREACHABLE_CODE = YES;
				CLANG_WARN__DUPLICATE_METHOD_MATCH = YES;
				COPY_PHASE_STRIP = NO;
				DEBUG_INFORMATION_FORMAT = dwarf;
				ENABLE_STRICT_OBJC_MSGSEND = YES;
				ENABLE_TESTABILITY = YES;
				GCC_C_LANGUAGE_STANDARD = gnu11;
				GCC_DYNAMIC_NO_PIC = NO;
				GCC_NO_COMMON_BLOCKS = YES;
				GCC_OPTIMIZATION_LEVEL = 0;
				GCC_PREPROCESSOR_DEFINITIONS = (
					"DEBUG=1",
					"$(inherited)",
				);
				GCC_WARN_64_TO_32_BIT_CONVERSION = YES;
				GCC_WARN_ABOUT_RETURN_TYPE = YES_ERROR;
				GCC_WARN_UNDECLARED_SELECTOR = YES;
				GCC_WARN_UNINITIALIZED_AUTOS = YES_AGGRESSIVE;
				GCC_WARN_UNUSED_FUNCTION = YES;
				GCC_WARN_UNUSED_VARIABLE = YES;
				IPHONEOS_DEPLOYMENT_TARGET = 16.4;
				MTL_ENABLE_DEBUG_INFO = INCLUDE_SOURCE;
				MTL_FAST_MATH = YES;
				ONLY_ACTIVE_ARCH = YES;
				SDKROOT = iphoneos;
				SWIFT_ACTIVE_COMPILATION_CONDITIONS = DEBUG;
				SWIFT_OPTIMIZATION_LEVEL = "-Onone";
			};
			name = Debug;
		};
		4373B3772A3061F300600475 /* Release */ = {
			isa = XCBuildConfiguration;
			buildSettings = {
				ALWAYS_SEARCH_USER_PATHS = NO;
				CLANG_ANALYZER_NONNULL = YES;
				CLANG_ANALYZER_NUMBER_OBJECT_CONVERSION = YES_AGGRESSIVE;
				CLANG_CXX_LANGUAGE_STANDARD = "gnu++20";
				CLANG_ENABLE_MODULES = YES;
				CLANG_ENABLE_OBJC_ARC = YES;
				CLANG_ENABLE_OBJC_WEAK = YES;
				CLANG_WARN_BLOCK_CAPTURE_AUTORELEASING = YES;
				CLANG_WARN_BOOL_CONVERSION = YES;
				CLANG_WARN_COMMA = YES;
				CLANG_WARN_CONSTANT_CONVERSION = YES;
				CLANG_WARN_DEPRECATED_OBJC_IMPLEMENTATIONS = YES;
				CLANG_WARN_DIRECT_OBJC_ISA_USAGE = YES_ERROR;
				CLANG_WARN_DOCUMENTATION_COMMENTS = YES;
				CLANG_WARN_EMPTY_BODY = YES;
				CLANG_WARN_ENUM_CONVERSION = YES;
				CLANG_WARN_INFINITE_RECURSION = YES;
				CLANG_WARN_INT_CONVERSION = YES;
				CLANG_WARN_NON_LITERAL_NULL_CONVERSION = YES;
				CLANG_WARN_OBJC_IMPLICIT_RETAIN_SELF = YES;
				CLANG_WARN_OBJC_LITERAL_CONVERSION = YES;
				CLANG_WARN_OBJC_ROOT_CLASS = YES_ERROR;
				CLANG_WARN_QUOTED_INCLUDE_IN_FRAMEWORK_HEADER = YES;
				CLANG_WARN_RANGE_LOOP_ANALYSIS = YES;
				CLANG_WARN_STRICT_PROTOTYPES = YES;
				CLANG_WARN_SUSPICIOUS_MOVE = YES;
				CLANG_WARN_UNGUARDED_AVAILABILITY = YES_AGGRESSIVE;
				CLANG_WARN_UNREACHABLE_CODE = YES;
				CLANG_WARN__DUPLICATE_METHOD_MATCH = YES;
				COPY_PHASE_STRIP = NO;
				DEBUG_INFORMATION_FORMAT = "dwarf-with-dsym";
				ENABLE_NS_ASSERTIONS = NO;
				ENABLE_STRICT_OBJC_MSGSEND = YES;
				GCC_C_LANGUAGE_STANDARD = gnu11;
				GCC_NO_COMMON_BLOCKS = YES;
				GCC_WARN_64_TO_32_BIT_CONVERSION = YES;
				GCC_WARN_ABOUT_RETURN_TYPE = YES_ERROR;
				GCC_WARN_UNDECLARED_SELECTOR = YES;
				GCC_WARN_UNINITIALIZED_AUTOS = YES_AGGRESSIVE;
				GCC_WARN_UNUSED_FUNCTION = YES;
				GCC_WARN_UNUSED_VARIABLE = YES;
				IPHONEOS_DEPLOYMENT_TARGET = 16.4;
				MTL_ENABLE_DEBUG_INFO = NO;
				MTL_FAST_MATH = YES;
				SDKROOT = iphoneos;
				SWIFT_COMPILATION_MODE = wholemodule;
				SWIFT_OPTIMIZATION_LEVEL = "-O";
				VALIDATE_PRODUCT = YES;
			};
			name = Release;
		};
		4373B3792A3061F300600475 /* Debug */ = {
			isa = XCBuildConfiguration;
			buildSettings = {
				ASSETCATALOG_COMPILER_APPICON_NAME = AppIcon;
				ASSETCATALOG_COMPILER_GLOBAL_ACCENT_COLOR_NAME = AccentColor;
				CODE_SIGN_STYLE = Automatic;
				CURRENT_PROJECT_VERSION = 1;
				DEVELOPMENT_ASSET_PATHS = "\"WetonKulo/Preview Content\"";
				DEVELOPMENT_TEAM = 4CQ7M98XHC;
				ENABLE_PREVIEWS = YES;
				GENERATE_INFOPLIST_FILE = YES;
				INFOPLIST_KEY_UIApplicationSceneManifest_Generation = YES;
				INFOPLIST_KEY_UIApplicationSupportsIndirectInputEvents = YES;
				INFOPLIST_KEY_UILaunchScreen_Generation = YES;
				INFOPLIST_KEY_UISupportedInterfaceOrientations_iPad = "UIInterfaceOrientationPortrait UIInterfaceOrientationPortraitUpsideDown UIInterfaceOrientationLandscapeLeft UIInterfaceOrientationLandscapeRight";
				INFOPLIST_KEY_UISupportedInterfaceOrientations_iPhone = "UIInterfaceOrientationPortrait UIInterfaceOrientationLandscapeLeft UIInterfaceOrientationLandscapeRight";
				LD_RUNPATH_SEARCH_PATHS = (
					"$(inherited)",
					"@executable_path/Frameworks",
				);
				MARKETING_VERSION = 1.0;
				PRODUCT_BUNDLE_IDENTIFIER = asadi.WetonKulo;
				PRODUCT_NAME = "$(TARGET_NAME)";
				SWIFT_EMIT_LOC_STRINGS = YES;
				SWIFT_VERSION = 5.0;
				TARGETED_DEVICE_FAMILY = "1,2";
			};
			name = Debug;
		};
		4373B37A2A3061F300600475 /* Release */ = {
			isa = XCBuildConfiguration;
			buildSettings = {
				ASSETCATALOG_COMPILER_APPICON_NAME = AppIcon;
				ASSETCATALOG_COMPILER_GLOBAL_ACCENT_COLOR_NAME = AccentColor;
				CODE_SIGN_STYLE = Automatic;
				CURRENT_PROJECT_VERSION = 1;
				DEVELOPMENT_ASSET_PATHS = "\"WetonKulo/Preview Content\"";
				DEVELOPMENT_TEAM = 4CQ7M98XHC;
				ENABLE_PREVIEWS = YES;
				GENERATE_INFOPLIST_FILE = YES;
				INFOPLIST_KEY_UIApplicationSceneManifest_Generation = YES;
				INFOPLIST_KEY_UIApplicationSupportsIndirectInputEvents = YES;
				INFOPLIST_KEY_UILaunchScreen_Generation = YES;
				INFOPLIST_KEY_UISupportedInterfaceOrientations_iPad = "UIInterfaceOrientationPortrait UIInterfaceOrientationPortraitUpsideDown UIInterfaceOrientationLandscapeLeft UIInterfaceOrientationLandscapeRight";
				INFOPLIST_KEY_UISupportedInterfaceOrientations_iPhone = "UIInterfaceOrientationPortrait UIInterfaceOrientationLandscapeLeft UIInterfaceOrientationLandscapeRight";
				LD_RUNPATH_SEARCH_PATHS = (
					"$(inherited)",
					"@executable_path/Frameworks",
				);
				MARKETING_VERSION = 1.0;
				PRODUCT_BUNDLE_IDENTIFIER = asadi.WetonKulo;
				PRODUCT_NAME = "$(TARGET_NAME)";
				SWIFT_EMIT_LOC_STRINGS = YES;
				SWIFT_VERSION = 5.0;
				TARGETED_DEVICE_FAMILY = "1,2";
			};
			name = Release;
		};
		4373B37C2A3061F300600475 /* Debug */ = {
			isa = XCBuildConfiguration;
			buildSettings = {
				ALWAYS_EMBED_SWIFT_STANDARD_LIBRARIES = YES;
				BUNDLE_LOADER = "$(TEST_HOST)";
				CODE_SIGN_STYLE = Automatic;
				CURRENT_PROJECT_VERSION = 1;
				DEVELOPMENT_TEAM = 4CQ7M98XHC;
				GENERATE_INFOPLIST_FILE = YES;
				IPHONEOS_DEPLOYMENT_TARGET = 16.4;
				MARKETING_VERSION = 1.0;
				PRODUCT_BUNDLE_IDENTIFIER = asadi.WetonKuloTests;
				PRODUCT_NAME = "$(TARGET_NAME)";
				SWIFT_EMIT_LOC_STRINGS = NO;
				SWIFT_VERSION = 5.0;
				TARGETED_DEVICE_FAMILY = "1,2";
				TEST_HOST = "$(BUILT_PRODUCTS_DIR)/WetonKulo.app/$(BUNDLE_EXECUTABLE_FOLDER_PATH)/WetonKulo";
			};
			name = Debug;
		};
		4373B37D2A3061F300600475 /* Release */ = {
			isa = XCBuildConfiguration;
			buildSettings = {
				ALWAYS_EMBED_SWIFT_STANDARD_LIBRARIES = YES;
				BUNDLE_LOADER = "$(TEST_HOST)";
				CODE_SIGN_STYLE = Automatic;
				CURRENT_PROJECT_VERSION = 1;
				DEVELOPMENT_TEAM = 4CQ7M98XHC;
				GENERATE_INFOPLIST_FILE = YES;
				IPHONEOS_DEPLOYMENT_TARGET = 16.4;
				MARKETING_VERSION = 1.0;
				PRODUCT_BUNDLE_IDENTIFIER = asadi.WetonKuloTests;
				PRODUCT_NAME = "$(TARGET_NAME)";
				SWIFT_EMIT_LOC_STRINGS = NO;
				SWIFT_VERSION = 5.0;
				TARGETED_DEVICE_FAMILY = "1,2";
				TEST_HOST = "$(BUILT_PRODUCTS_DIR)/WetonKulo.app/$(BUNDLE_EXECUTABLE_FOLDER_PATH)/WetonKulo";
			};
			name = Release;
		};
		4373B37F2A3061F300600475 /* Debug */ = {
			isa = XCBuildConfiguration;
			buildSettings = {
				ALWAYS_EMBED_SWIFT_STANDARD_LIBRARIES = YES;
				CODE_SIGN_STYLE = Automatic;
				CURRENT_PROJECT_VERSION = 1;
				DEVELOPMENT_TEAM = 4CQ7M98XHC;
				GENERATE_INFOPLIST_FILE = YES;
				MARKETING_VERSION = 1.0;
				PRODUCT_BUNDLE_IDENTIFIER = asadi.WetonKuloUITests;
				PRODUCT_NAME = "$(TARGET_NAME)";
				SWIFT_EMIT_LOC_STRINGS = NO;
				SWIFT_VERSION = 5.0;
				TARGETED_DEVICE_FAMILY = "1,2";
				TEST_TARGET_NAME = WetonKulo;
			};
			name = Debug;
		};
		4373B3802A3061F300600475 /* Release */ = {
			isa = XCBuildConfiguration;
			buildSettings = {
				ALWAYS_EMBED_SWIFT_STANDARD_LIBRARIES = YES;
				CODE_SIGN_STYLE = Automatic;
				CURRENT_PROJECT_VERSION = 1;
				DEVELOPMENT_TEAM = 4CQ7M98XHC;
				GENERATE_INFOPLIST_FILE = YES;
				MARKETING_VERSION = 1.0;
				PRODUCT_BUNDLE_IDENTIFIER = asadi.WetonKuloUITests;
				PRODUCT_NAME = "$(TARGET_NAME)";
				SWIFT_EMIT_LOC_STRINGS = NO;
				SWIFT_VERSION = 5.0;
				TARGETED_DEVICE_FAMILY = "1,2";
				TEST_TARGET_NAME = WetonKulo;
			};
			name = Release;
		};
/* End XCBuildConfiguration section */

/* Begin XCConfigurationList section */
		4373B34F2A3061F200600475 /* Build configuration list for PBXProject "WetonKulo" */ = {
			isa = XCConfigurationList;
			buildConfigurations = (
				4373B3762A3061F300600475 /* Debug */,
				4373B3772A3061F300600475 /* Release */,
			);
			defaultConfigurationIsVisible = 0;
			defaultConfigurationName = Release;
		};
		4373B3782A3061F300600475 /* Build configuration list for PBXNativeTarget "WetonKulo" */ = {
			isa = XCConfigurationList;
			buildConfigurations = (
				4373B3792A3061F300600475 /* Debug */,
				4373B37A2A3061F300600475 /* Release */,
			);
			defaultConfigurationIsVisible = 0;
			defaultConfigurationName = Release;
		};
		4373B37B2A3061F300600475 /* Build configuration list for PBXNativeTarget "WetonKuloTests" */ = {
			isa = XCConfigurationList;
			buildConfigurations = (
				4373B37C2A3061F300600475 /* Debug */,
				4373B37D2A3061F300600475 /* Release */,
			);
			defaultConfigurationIsVisible = 0;
			defaultConfigurationName = Release;
		};
		4373B37E2A3061F300600475 /* Build configuration list for PBXNativeTarget "WetonKuloUITests" */ = {
			isa = XCConfigurationList;
			buildConfigurations = (
				4373B37F2A3061F300600475 /* Debug */,
				4373B3802A3061F300600475 /* Release */,
			);
			defaultConfigurationIsVisible = 0;
			defaultConfigurationName = Release;
		};
/* End XCConfigurationList section */
	};
	rootObject = 4373B34C2A3061F200600475 /* Project object */;
}
